
Microsoft Visual Studio Solution File, Format Version 12.00
# Visual Studio Version 16
VisualStudioVersion = 16.0.32228.343
MinimumVisualStudioVersion = 10.0.40219.1
Project("{8BC9CEB8-8B4A-11D0-8D11-00A0C91BC942}") = "LabProject00", "LabProject00\LabProject00.vcxproj", "{0365807C-B5B3-4129-8DB6-FB904ABD619B}"
EndProject
Project("{8BC9CEB8-8B4A-11D0-8D11-00A0C91BC942}") = "LabProject01", "LabProject01\LabProject01.vcxproj", "{D392EC81-1669-4BD9-A01B-769A5C53B9E8}"
EndProject
Project("{8BC9CEB8-8B4A-11D0-8D11-00A0C91BC942}") = "LabProject02", "LabProject02\LabProject02.vcxproj", "{9D0408B0-B452-41A5-B3DE-26D36B1ADDC7}"
EndProject
Project("{8BC9CEB8-8B4A-11D0-8D11-00A0C91BC942}") = "LabProject03", "LabProject03\LabProject03.vcxproj", "{11B6BE94-C083-4E6D-8A5C-42B2601ED70B}"
EndProject
Project("{8BC9CEB8-8B4A-11D0-8D11-00A0C91BC942}") = "LabProject04", "LabProject04\LabProject04.vcxproj", "{12617AA2-82E3-4388-9580-EA6325FA5B32}"
EndProject
Project("{8BC9CEB8-8B4A-11D0-8D11-00A0C91BC942}") = "LabProject05", "LabProject05\LabProject05.vcxproj", "{C1DE9032-CD4B-44B3-8A28-541E5522CE16}"
EndProject
Project("{8BC9CEB8-8B4A-11D0-8D11-00A0C91BC942}") = "LabProject05-01", "LabProject05-01\LabProject05-01.vcxproj", "{F133D9AF-0574-43CA-A7F5-4D2483872526}"
EndProject
Project("{8BC9CEB8-8B4A-11D0-8D11-00A0C91BC942}") = "LabProject06", "LabProject06\LabProject06.vcxproj", "{3913421B-F6AF-4856-A20B-AB45591FDFE2}"
EndProject
Project("{8BC9CEB8-8B4A-11D0-8D11-00A0C91BC942}") = "LabProject07", "LabProject07\LabProject07.vcxproj", "{48AC8ADE-C52E-41D2-87A2-61B63FFE97E4}"
EndProject
Project("{8BC9CEB8-8B4A-11D0-8D11-00A0C91BC942}") = "LabProject08", "LabProject08\LabProject08.vcxproj", "{A5997511-CD5E-46F5-AD39-0762CE272AAA}"
EndProject
Project("{8BC9CEB8-8B4A-11D0-8D11-00A0C91BC942}") = "LabProject09", "LabProject09\LabProject09.vcxproj", "{BF377125-1776-462F-8722-F161C3E8A392}"
EndProject
Project("{8BC9CEB8-8B4A-11D0-8D11-00A0C91BC942}") = "LabProject10", "LabProject10\LabProject10.vcxproj", "{D8F2DAD0-0798-43C0-BA1C-96182FC9E9D5}"
EndProject
Project("{8BC9CEB8-8B4A-11D0-8D11-00A0C91BC942}") = "LabProject11", "LabProject11\LabProject11.vcxproj", "{A489F1BF-0CD0-43D7-9360-692382E71409}"
EndProject
Project("{8BC9CEB8-8B4A-11D0-8D11-00A0C91BC942}") = "LabProject12", "LabProject12\LabProject12.vcxproj", "{781AFB54-BBE3-4661-8356-8E616D0B523E}"
EndProject
Project("{8BC9CEB8-8B4A-11D0-8D11-00A0C91BC942}") = "LabProject13", "LabProject13\LabProject13.vcxproj", "{29005C2E-8F79-45FE-A038-02EF4D2E3C39}"
EndProject
Project("{8BC9CEB8-8B4A-11D0-8D11-00A0C91BC942}") = "LabProject14", "LabProject14\LabProject14.vcxproj", "{00EFFA0B-5090-4026-982E-0D3D9887B021}"
EndProject
Project("{8BC9CEB8-8B4A-11D0-8D11-00A0C91BC942}") = "LabProject15", "LabProject15\LabProject15.vcxproj", "{DACFB7F1-C6E2-44BD-9DF5-18D76E5477AE}"
EndProject
Global
	GlobalSection(SolutionConfigurationPlatforms) = preSolution
		Debug|x64 = Debug|x64
		Debug|x86 = Debug|x86
		Release|x64 = Release|x64
		Release|x86 = Release|x86
	EndGlobalSection
	GlobalSection(ProjectConfigurationPlatforms) = postSolution
		{0365807C-B5B3-4129-8DB6-FB904ABD619B}.Debug|x64.ActiveCfg = Debug|x64
		{0365807C-B5B3-4129-8DB6-FB904ABD619B}.Debug|x64.Build.0 = Debug|x64
		{0365807C-B5B3-4129-8DB6-FB904ABD619B}.Debug|x86.ActiveCfg = Debug|Win32
		{0365807C-B5B3-4129-8DB6-FB904ABD619B}.Debug|x86.Build.0 = Debug|Win32
		{0365807C-B5B3-4129-8DB6-FB904ABD619B}.Release|x64.ActiveCfg = Release|x64
		{0365807C-B5B3-4129-8DB6-FB904ABD619B}.Release|x64.Build.0 = Release|x64
		{0365807C-B5B3-4129-8DB6-FB904ABD619B}.Release|x86.ActiveCfg = Release|Win32
		{0365807C-B5B3-4129-8DB6-FB904ABD619B}.Release|x86.Build.0 = Release|Win32
		{D392EC81-1669-4BD9-A01B-769A5C53B9E8}.Debug|x64.ActiveCfg = Debug|x64
		{D392EC81-1669-4BD9-A01B-769A5C53B9E8}.Debug|x64.Build.0 = Debug|x64
		{D392EC81-1669-4BD9-A01B-769A5C53B9E8}.Debug|x86.ActiveCfg = Debug|Win32
		{D392EC81-1669-4BD9-A01B-769A5C53B9E8}.Debug|x86.Build.0 = Debug|Win32
		{D392EC81-1669-4BD9-A01B-769A5C53B9E8}.Release|x64.ActiveCfg = Release|x64
		{D392EC81-1669-4BD9-A01B-769A5C53B9E8}.Release|x64.Build.0 = Release|x64
		{D392EC81-1669-4BD9-A01B-769A5C53B9E8}.Release|x86.ActiveCfg = Release|Win32
		{D392EC81-1669-4BD9-A01B-769A5C53B9E8}.Release|x86.Build.0 = Release|Win32
		{9D0408B0-B452-41A5-B3DE-26D36B1ADDC7}.Debug|x64.ActiveCfg = Debug|x64
		{9D0408B0-B452-41A5-B3DE-26D36B1ADDC7}.Debug|x64.Build.0 = Debug|x64
		{9D0408B0-B452-41A5-B3DE-26D36B1ADDC7}.Debug|x86.ActiveCfg = Debug|Win32
		{9D0408B0-B452-41A5-B3DE-26D36B1ADDC7}.Debug|x86.Build.0 = Debug|Win32
		{9D0408B0-B452-41A5-B3DE-26D36B1ADDC7}.Release|x64.ActiveCfg = Release|x64
		{9D0408B0-B452-41A5-B3DE-26D36B1ADDC7}.Release|x64.Build.0 = Release|x64
		{9D0408B0-B452-41A5-B3DE-26D36B1ADDC7}.Release|x86.ActiveCfg = Release|Win32
		{9D0408B0-B452-41A5-B3DE-26D36B1ADDC7}.Release|x86.Build.0 = Release|Win32
		{11B6BE94-C083-4E6D-8A5C-42B2601ED70B}.Debug|x64.ActiveCfg = Debug|x64
		{11B6BE94-C083-4E6D-8A5C-42B2601ED70B}.Debug|x64.Build.0 = Debug|x64
		{11B6BE94-C083-4E6D-8A5C-42B2601ED70B}.Debug|x86.ActiveCfg = Debug|Win32
		{11B6BE94-C083-4E6D-8A5C-42B2601ED70B}.Debug|x86.Build.0 = Debug|Win32
		{11B6BE94-C083-4E6D-8A5C-42B2601ED70B}.Release|x64.ActiveCfg = Release|x64
		{11B6BE94-C083-4E6D-8A5C-42B2601ED70B}.Release|x64.Build.0 = Release|x64
		{11B6BE94-C083-4E6D-8A5C-42B2601ED70B}.Release|x86.ActiveCfg = Release|Win32
		{11B6BE94-C083-4E6D-8A5C-42B2601ED70B}.Release|x86.Build.0 = Release|Win32
		{12617AA2-82E3-4388-9580-EA6325FA5B32}.Debug|x64.ActiveCfg = Debug|x64
		{12617AA2-82E3-4388-9580-EA6325FA5B32}.Debug|x64.Build.0 = Debug|x64
		{12617AA2-82E3-4388-9580-EA6325FA5B32}.Debug|x86.ActiveCfg = Debug|Win32
		{12617AA2-82E3-4388-9580-EA6325FA5B32}.Debug|x86.Build.0 = Debug|Win32
		{12617AA2-82E3-4388-9580-EA6325FA5B32}.Release|x64.ActiveCfg = Release|x64
		{12617AA2-82E3-4388-9580-EA6325FA5B32}.Release|x64.Build.0 = Release|x64
		{12617AA2-82E3-4388-9580-EA6325FA5B32}.Release|x86.ActiveCfg = Release|Win32
		{12617AA2-82E3-4388-9580-EA6325FA5B32}.Release|x86.Build.0 = Release|Win32
		{C1DE9032-CD4B-44B3-8A28-541E5522CE16}.Debug|x64.ActiveCfg = Debug|x64
		{C1DE9032-CD4B-44B3-8A28-541E5522CE16}.Debug|x64.Build.0 = Debug|x64
		{C1DE9032-CD4B-44B3-8A28-541E5522CE16}.Debug|x86.ActiveCfg = Debug|Win32
		{C1DE9032-CD4B-44B3-8A28-541E5522CE16}.Debug|x86.Build.0 = Debug|Win32
		{C1DE9032-CD4B-44B3-8A28-541E5522CE16}.Release|x64.ActiveCfg = Release|x64
		{C1DE9032-CD4B-44B3-8A28-541E5522CE16}.Release|x64.Build.0 = Release|x64
		{C1DE9032-CD4B-44B3-8A28-541E5522CE16}.Release|x86.ActiveCfg = Release|Win32
		{C1DE9032-CD4B-44B3-8A28-541E5522CE16}.Release|x86.Build.0 = Release|Win32
		{F133D9AF-0574-43CA-A7F5-4D2483872526}.Debug|x64.ActiveCfg = Debug|x64
		{F133D9AF-0574-43CA-A7F5-4D2483872526}.Debug|x64.Build.0 = Debug|x64
		{F133D9AF-0574-43CA-A7F5-4D2483872526}.Debug|x86.ActiveCfg = Debug|Win32
		{F133D9AF-0574-43CA-A7F5-4D2483872526}.Debug|x86.Build.0 = Debug|Win32
		{F133D9AF-0574-43CA-A7F5-4D2483872526}.Release|x64.ActiveCfg = Release|x64
		{F133D9AF-0574-43CA-A7F5-4D2483872526}.Release|x64.Build.0 = Release|x64
		{F133D9AF-0574-43CA-A7F5-4D2483872526}.Release|x86.ActiveCfg = Release|Win32
		{F133D9AF-0574-43CA-A7F5-4D2483872526}.Release|x86.Build.0 = Release|Win32
		{3913421B-F6AF-4856-A20B-AB45591FDFE2}.Debug|x64.ActiveCfg = Debug|x64
		{3913421B-F6AF-4856-A20B-AB45591FDFE2}.Debug|x64.Build.0 = Debug|x64
		{3913421B-F6AF-4856-A20B-AB45591FDFE2}.Debug|x86.ActiveCfg = Debug|Win32
		{3913421B-F6AF-4856-A20B-AB45591FDFE2}.Debug|x86.Build.0 = Debug|Win32
		{3913421B-F6AF-4856-A20B-AB45591FDFE2}.Release|x64.ActiveCfg = Release|x64
		{3913421B-F6AF-4856-A20B-AB45591FDFE2}.Release|x64.Build.0 = Release|x64
		{3913421B-F6AF-4856-A20B-AB45591FDFE2}.Release|x86.ActiveCfg = Release|Win32
		{3913421B-F6AF-4856-A20B-AB45591FDFE2}.Release|x86.Build.0 = Release|Win32
		{48AC8ADE-C52E-41D2-87A2-61B63FFE97E4}.Debug|x64.ActiveCfg = Debug|x64
		{48AC8ADE-C52E-41D2-87A2-61B63FFE97E4}.Debug|x64.Build.0 = Debug|x64
		{48AC8ADE-C52E-41D2-87A2-61B63FFE97E4}.Debug|x86.ActiveCfg = Debug|Win32
		{48AC8ADE-C52E-41D2-87A2-61B63FFE97E4}.Debug|x86.Build.0 = Debug|Win32
		{48AC8ADE-C52E-41D2-87A2-61B63FFE97E4}.Release|x64.ActiveCfg = Release|x64
		{48AC8ADE-C52E-41D2-87A2-61B63FFE97E4}.Release|x64.Build.0 = Release|x64
		{48AC8ADE-C52E-41D2-87A2-61B63FFE97E4}.Release|x86.ActiveCfg = Release|Win32
		{48AC8ADE-C52E-41D2-87A2-61B63FFE97E4}.Release|x86.Build.0 = Release|Win32
		{A5997511-CD5E-46F5-AD39-0762CE272AAA}.Debug|x64.ActiveCfg = Debug|x64
		{A5997511-CD5E-46F5-AD39-0762CE272AAA}.Debug|x64.Build.0 = Debug|x64
		{A5997511-CD5E-46F5-AD39-0762CE272AAA}.Debug|x86.ActiveCfg = Debug|Win32
		{A5997511-CD5E-46F5-AD39-0762CE272AAA}.Debug|x86.Build.0 = Debug|Win32
		{A5997511-CD5E-46F5-AD39-0762CE272AAA}.Release|x64.ActiveCfg = Release|x64
		{A5997511-CD5E-46F5-AD39-0762CE272AAA}.Release|x64.Build.0 = Release|x64
		{A5997511-CD5E-46F5-AD39-0762CE272AAA}.Release|x86.ActiveCfg = Release|Win32
		{A5997511-CD5E-46F5-AD39-0762CE272AAA}.Release|x86.Build.0 = Release|Win32
		{BF377125-1776-462F-8722-F161C3E8A392}.Debug|x64.ActiveCfg = Debug|x64
		{BF377125-1776-462F-8722-F161C3E8A392}.Debug|x64.Build.0 = Debug|x64
		{BF377125-1776-462F-8722-F161C3E8A392}.Debug|x86.ActiveCfg = Debug|Win32
		{BF377125-1776-462F-8722-F161C3E8A392}.Debug|x86.Build.0 = Debug|Win32
		{BF377125-1776-462F-8722-F161C3E8A392}.Release|x64.ActiveCfg = Release|x64
		{BF377125-1776-462F-8722-F161C3E8A392}.Release|x64.Build.0 = Release|x64
		{BF377125-1776-462F-8722-F161C3E8A392}.Release|x86.ActiveCfg = Release|Win32
		{BF377125-1776-462F-8722-F161C3E8A392}.Release|x86.Build.0 = Release|Win32
		{D8F2DAD0-0798-43C0-BA1C-96182FC9E9D5}.Debug|x64.ActiveCfg = Debug|x64
		{D8F2DAD0-0798-43C0-BA1C-96182FC9E9D5}.Debug|x64.Build.0 = Debug|x64
		{D8F2DAD0-0798-43C0-BA1C-96182FC9E9D5}.Debug|x86.ActiveCfg = Debug|Win32
		{D8F2DAD0-0798-43C0-BA1C-96182FC9E9D5}.Debug|x86.Build.0 = Debug|Win32
		{D8F2DAD0-0798-43C0-BA1C-96182FC9E9D5}.Release|x64.ActiveCfg = Release|x64
		{D8F2DAD0-0798-43C0-BA1C-96182FC9E9D5}.Release|x64.Build.0 = Release|x64
		{D8F2DAD0-0798-43C0-BA1C-96182FC9E9D5}.Release|x86.ActiveCfg = Release|Win32
		{D8F2DAD0-0798-43C0-BA1C-96182FC9E9D5}.Release|x86.Build.0 = Release|Win32
		{A489F1BF-0CD0-43D7-9360-692382E71409}.Debug|x64.ActiveCfg = Debug|x64
		{A489F1BF-0CD0-43D7-9360-692382E71409}.Debug|x64.Build.0 = Debug|x64
		{A489F1BF-0CD0-43D7-9360-692382E71409}.Debug|x86.ActiveCfg = Debug|Win32
		{A489F1BF-0CD0-43D7-9360-692382E71409}.Debug|x86.Build.0 = Debug|Win32
		{A489F1BF-0CD0-43D7-9360-692382E71409}.Release|x64.ActiveCfg = Release|x64
		{A489F1BF-0CD0-43D7-9360-692382E71409}.Release|x64.Build.0 = Release|x64
		{A489F1BF-0CD0-43D7-9360-692382E71409}.Release|x86.ActiveCfg = Release|Win32
		{A489F1BF-0CD0-43D7-9360-692382E71409}.Release|x86.Build.0 = Release|Win32
		{781AFB54-BBE3-4661-8356-8E616D0B523E}.Debug|x64.ActiveCfg = Debug|x64
		{781AFB54-BBE3-4661-8356-8E616D0B523E}.Debug|x64.Build.0 = Debug|x64
		{781AFB54-BBE3-4661-8356-8E616D0B523E}.Debug|x86.ActiveCfg = Debug|Win32
		{781AFB54-BBE3-4661-8356-8E616D0B523E}.Debug|x86.Build.0 = Debug|Win32
		{781AFB54-BBE3-4661-8356-8E616D0B523E}.Release|x64.ActiveCfg = Release|x64
		{781AFB54-BBE3-4661-8356-8E616D0B523E}.Release|x64.Build.0 = Release|x64
		{781AFB54-BBE3-4661-8356-8E616D0B523E}.Release|x86.ActiveCfg = Release|Win32
		{781AFB54-BBE3-4661-8356-8E616D0B523E}.Release|x86.Build.0 = Release|Win32
		{29005C2E-8F79-45FE-A038-02EF4D2E3C39}.Debug|x64.ActiveCfg = Debug|x64
		{29005C2E-8F79-45FE-A038-02EF4D2E3C39}.Debug|x64.Build.0 = Debug|x64
		{29005C2E-8F79-45FE-A038-02EF4D2E3C39}.Debug|x86.ActiveCfg = Debug|Win32
		{29005C2E-8F79-45FE-A038-02EF4D2E3C39}.Debug|x86.Build.0 = Debug|Win32
		{29005C2E-8F79-45FE-A038-02EF4D2E3C39}.Release|x64.ActiveCfg = Release|x64
		{29005C2E-8F79-45FE-A038-02EF4D2E3C39}.Release|x64.Build.0 = Release|x64
		{29005C2E-8F79-45FE-A038-02EF4D2E3C39}.Release|x86.ActiveCfg = Release|Win32
		{29005C2E-8F79-45FE-A038-02EF4D2E3C39}.Release|x86.Build.0 = Release|Win32
		{00EFFA0B-5090-4026-982E-0D3D9887B021}.Debug|x64.ActiveCfg = Debug|x64
		{00EFFA0B-5090-4026-982E-0D3D9887B021}.Debug|x64.Build.0 = Debug|x64
		{00EFFA0B-5090-4026-982E-0D3D9887B021}.Debug|x86.ActiveCfg = Debug|Win32
		{00EFFA0B-5090-4026-982E-0D3D9887B021}.Debug|x86.Build.0 = Debug|Win32
		{00EFFA0B-5090-4026-982E-0D3D9887B021}.Release|x64.ActiveCfg = Release|x64
		{00EFFA0B-5090-4026-982E-0D3D9887B021}.Release|x64.Build.0 = Release|x64
		{00EFFA0B-5090-4026-982E-0D3D9887B021}.Release|x86.ActiveCfg = Release|Win32
		{00EFFA0B-5090-4026-982E-0D3D9887B021}.Release|x86.Build.0 = Release|Win32
		{DACFB7F1-C6E2-44BD-9DF5-18D76E5477AE}.Debug|x64.ActiveCfg = Debug|x64
		{DACFB7F1-C6E2-44BD-9DF5-18D76E5477AE}.Debug|x64.Build.0 = Debug|x64
		{DACFB7F1-C6E2-44BD-9DF5-18D76E5477AE}.Debug|x86.ActiveCfg = Debug|Win32
		{DACFB7F1-C6E2-44BD-9DF5-18D76E5477AE}.Debug|x86.Build.0 = Debug|Win32
		{DACFB7F1-C6E2-44BD-9DF5-18D76E5477AE}.Release|x64.ActiveCfg = Release|x64
		{DACFB7F1-C6E2-44BD-9DF5-18D76E5477AE}.Release|x64.Build.0 = Release|x64
		{DACFB7F1-C6E2-44BD-9DF5-18D76E5477AE}.Release|x86.ActiveCfg = Release|Win32
		{DACFB7F1-C6E2-44BD-9DF5-18D76E5477AE}.Release|x86.Build.0 = Release|Win32
	EndGlobalSection
	GlobalSection(SolutionProperties) = preSolution
		HideSolutionNode = FALSE
	EndGlobalSection
	GlobalSection(ExtensibilityGlobals) = postSolution
		SolutionGuid = {EDC08524-23E4-4236-8610-257A6AD3C214}
	EndGlobalSection
EndGlobal
